
Microsoft Visual Studio Solution File, Format Version 12.00
# Visual Studio Version 16
VisualStudioVersion = 16.0.33927.289
MinimumVisualStudioVersion = 10.0.40219.1
Project("{2150E333-8FDC-42A3-9474-1A3956D46DE8}") = "Task0", "Task0", "{BFBFD0A4-E4ED-43C3-9857-AEE60DA24B76}"
EndProject
Project("{FAE04EC0-301F-11D3-BF4B-00C04F79EFBC}") = "Tyuiu.SafronovVV.Sprint3.Task0.V6", "Tyuiu.SafronovVV.Sprint3.Task0.V6\Tyuiu.SafronovVV.Sprint3.Task0.V6.csproj", "{B999D3C9-2173-4B67-A09A-9FA36C3EE2C4}"
EndProject
Project("{FAE04EC0-301F-11D3-BF4B-00C04F79EFBC}") = "Tyuiu.SafronovVV.Sprint3.Task0.V6.Lib", "Tyuiu.SafronovVV.Sprint3.Task0.V6.Lib\Tyuiu.SafronovVV.Sprint3.Task0.V6.Lib.csproj", "{729C223A-E110-4212-BE61-BDFC72D9FA95}"
EndProject
Project("{FAE04EC0-301F-11D3-BF4B-00C04F79EFBC}") = "Tyuiu.SafronovVV.Sprint3.Task0.V6.Test", "Tyuiu.SafronovVV.Sprint3.Task0.V6.Test\Tyuiu.SafronovVV.Sprint3.Task0.V6.Test.csproj", "{812BB8F8-6C03-4427-91D8-667D40C410EA}"
EndProject
Project("{2150E333-8FDC-42A3-9474-1A3956D46DE8}") = "Task1", "Task1", "{5AF372D5-5CE4-4606-9C84-412A93819ED6}"
EndProject
Project("{FAE04EC0-301F-11D3-BF4B-00C04F79EFBC}") = "Tyuiu.SafronovVV.Sprint3.Task1.V28", "Tyuiu.SafronovVV.Sprint3.Task1.V28\Tyuiu.SafronovVV.Sprint3.Task1.V28.csproj", "{1E26C169-74A4-43D6-8B17-07D541DC428F}"
EndProject
Project("{FAE04EC0-301F-11D3-BF4B-00C04F79EFBC}") = "Tyuiu.SafronovVV.Sprint3.Task1.V28.Lib", "Tyuiu.SafronovVV.Sprint3.Task1.V28.Lib\Tyuiu.SafronovVV.Sprint3.Task1.V28.Lib.csproj", "{0FEFC976-42E2-42B4-AFE3-590F6C5B1569}"
EndProject
Project("{FAE04EC0-301F-11D3-BF4B-00C04F79EFBC}") = "Tyuiu.SafronovVV.Sprint3.Task1.V28.Test", "Tyuiu.SafronovVV.Sprint3.Task1.V28.Test\Tyuiu.SafronovVV.Sprint3.Task1.V28.Test.csproj", "{4BA10001-EDF5-4519-9482-49E09EAE1C8A}"
EndProject
Project("{2150E333-8FDC-42A3-9474-1A3956D46DE8}") = "Task2", "Task2", "{33EFDD0C-9D3F-447F-A74B-6D8032C9A2C6}"
EndProject
Project("{FAE04EC0-301F-11D3-BF4B-00C04F79EFBC}") = "Tyuiu.SafronovVV.Sprint3.Task2.V1", "Tyuiu.SafronovVV.Sprint3.Task2.V1\Tyuiu.SafronovVV.Sprint3.Task2.V1.csproj", "{CBF30F8E-CE88-4B9E-9E5F-52793903D2A0}"
EndProject
Project("{FAE04EC0-301F-11D3-BF4B-00C04F79EFBC}") = "Tyuiu.SafronovVV.Sprint3.Task2.V1.Lib", "Tyuiu.SafronovVV.Sprint3.Task2.V1.Lib\Tyuiu.SafronovVV.Sprint3.Task2.V1.Lib.csproj", "{1AFF47BB-DF7B-40DA-B2F8-DD3C5648FE7A}"
EndProject
Project("{FAE04EC0-301F-11D3-BF4B-00C04F79EFBC}") = "Tyuiu.SafronovVV.Sprint3.Task2.V1.Test", "Tyuiu.SafronovVV.Sprint3.Task2.V1.Test\Tyuiu.SafronovVV.Sprint3.Task2.V1.Test.csproj", "{852508D1-5252-42A8-BA57-632F19EAA3D5}"
EndProject
Project("{2150E333-8FDC-42A3-9474-1A3956D46DE8}") = "Task3", "Task3", "{7742F03C-7317-42B8-A2EE-C188D1B9D372}"
EndProject
Project("{FAE04EC0-301F-11D3-BF4B-00C04F79EFBC}") = "Tyuiu.SafronovVV.Sprint3.Task3.V4", "Tyuiu.SafronovVV.Sprint3.Task3.V4\Tyuiu.SafronovVV.Sprint3.Task3.V4.csproj", "{CF9C2803-53A8-4E57-A4A7-7495238CE29E}"
EndProject
Project("{FAE04EC0-301F-11D3-BF4B-00C04F79EFBC}") = "Tyuiu.SafronovVV.Sprint3.Task3.V4.Lib", "Tyuiu.SafronovVV.Sprint3.Task3.V4.Lib\Tyuiu.SafronovVV.Sprint3.Task3.V4.Lib.csproj", "{8170E03B-DF90-4A1C-AFEE-8A3DCE957520}"
EndProject
Project("{FAE04EC0-301F-11D3-BF4B-00C04F79EFBC}") = "Tyuiu.SafronovVV.Sprint3.Task3.V4.Test", "Tyuiu.SafronovVV.Sprint3.Task3.V4.Test\Tyuiu.SafronovVV.Sprint3.Task3.V4.Test.csproj", "{DED9E4A8-949D-4828-9947-802C1495819D}"
EndProject
Project("{2150E333-8FDC-42A3-9474-1A3956D46DE8}") = "Task4", "Task4", "{C76EAB18-C3C9-4964-8B5E-1C766CB4AFCC}"
EndProject
Project("{FAE04EC0-301F-11D3-BF4B-00C04F79EFBC}") = "Tyuiu.SafronovVV.Sprint3.Task4.V18", "Tyuiu.SafronovVV.Sprint3.Task4.V18\Tyuiu.SafronovVV.Sprint3.Task4.V18.csproj", "{5AD5BF7F-E40B-40A8-BA05-389F42EEF39A}"
EndProject
Project("{FAE04EC0-301F-11D3-BF4B-00C04F79EFBC}") = "Tyuiu.SafronovVV.Sprint3.Task4.V18.Lib", "Tyuiu.SafronovVV.Sprint3.Task4.V18.Lib\Tyuiu.SafronovVV.Sprint3.Task4.V18.Lib.csproj", "{41A5C766-8679-4CF2-BE41-E59CD202CA7B}"
EndProject
Project("{FAE04EC0-301F-11D3-BF4B-00C04F79EFBC}") = "Tyuiu.SafronovVV.Sprint3.Task4.V18.Test", "Tyuiu.SafronovVV.Sprint3.Task4.V18.Test\Tyuiu.SafronovVV.Sprint3.Task4.V18.Test.csproj", "{7E003138-B990-4630-A78B-88EBFD7C156E}"
EndProject
Project("{2150E333-8FDC-42A3-9474-1A3956D46DE8}") = "Task5", "Task5", "{475AFC9F-62E2-423F-A453-802DF3B53E45}"
EndProject
Project("{FAE04EC0-301F-11D3-BF4B-00C04F79EFBC}") = "Tyuiu.SafronovVV.Sprint3.Task5.V10", "Tyuiu.SafronovVV.Sprint3.Task5.V10\Tyuiu.SafronovVV.Sprint3.Task5.V10.csproj", "{4CF8424D-716D-421E-B96B-26A757A0009D}"
EndProject
Project("{FAE04EC0-301F-11D3-BF4B-00C04F79EFBC}") = "Tyuiu.SafronovVV.Sprint3.Task5.V10.Lib", "Tyuiu.SafronovVV.Sprint3.Task5.V10.Lib\Tyuiu.SafronovVV.Sprint3.Task5.V10.Lib.csproj", "{C69CF48C-F951-4179-95E5-7329072ABCDA}"
EndProject
Project("{FAE04EC0-301F-11D3-BF4B-00C04F79EFBC}") = "Tyuiu.SafronovVV.Sprint3.Task5.V10.Test", "Tyuiu.SafronovVV.Sprint3.Task5.V10.Test\Tyuiu.SafronovVV.Sprint3.Task5.V10.Test.csproj", "{D1E8F14E-072C-4D91-B163-374E3F082B93}"
EndProject
Global
	GlobalSection(SolutionConfigurationPlatforms) = preSolution
		Debug|Any CPU = Debug|Any CPU
		Release|Any CPU = Release|Any CPU
	EndGlobalSection
	GlobalSection(ProjectConfigurationPlatforms) = postSolution
		{B999D3C9-2173-4B67-A09A-9FA36C3EE2C4}.Debug|Any CPU.ActiveCfg = Debug|Any CPU
		{B999D3C9-2173-4B67-A09A-9FA36C3EE2C4}.Debug|Any CPU.Build.0 = Debug|Any CPU
		{B999D3C9-2173-4B67-A09A-9FA36C3EE2C4}.Release|Any CPU.ActiveCfg = Release|Any CPU
		{B999D3C9-2173-4B67-A09A-9FA36C3EE2C4}.Release|Any CPU.Build.0 = Release|Any CPU
		{729C223A-E110-4212-BE61-BDFC72D9FA95}.Debug|Any CPU.ActiveCfg = Debug|Any CPU
		{729C223A-E110-4212-BE61-BDFC72D9FA95}.Debug|Any CPU.Build.0 = Debug|Any CPU
		{729C223A-E110-4212-BE61-BDFC72D9FA95}.Release|Any CPU.ActiveCfg = Release|Any CPU
		{729C223A-E110-4212-BE61-BDFC72D9FA95}.Release|Any CPU.Build.0 = Release|Any CPU
		{812BB8F8-6C03-4427-91D8-667D40C410EA}.Debug|Any CPU.ActiveCfg = Debug|Any CPU
		{812BB8F8-6C03-4427-91D8-667D40C410EA}.Debug|Any CPU.Build.0 = Debug|Any CPU
		{812BB8F8-6C03-4427-91D8-667D40C410EA}.Release|Any CPU.ActiveCfg = Release|Any CPU
		{812BB8F8-6C03-4427-91D8-667D40C410EA}.Release|Any CPU.Build.0 = Release|Any CPU
		{1E26C169-74A4-43D6-8B17-07D541DC428F}.Debug|Any CPU.ActiveCfg = Debug|Any CPU
		{1E26C169-74A4-43D6-8B17-07D541DC428F}.Debug|Any CPU.Build.0 = Debug|Any CPU
		{1E26C169-74A4-43D6-8B17-07D541DC428F}.Release|Any CPU.ActiveCfg = Release|Any CPU
		{1E26C169-74A4-43D6-8B17-07D541DC428F}.Release|Any CPU.Build.0 = Release|Any CPU
		{0FEFC976-42E2-42B4-AFE3-590F6C5B1569}.Debug|Any CPU.ActiveCfg = Debug|Any CPU
		{0FEFC976-42E2-42B4-AFE3-590F6C5B1569}.Debug|Any CPU.Build.0 = Debug|Any CPU
		{0FEFC976-42E2-42B4-AFE3-590F6C5B1569}.Release|Any CPU.ActiveCfg = Release|Any CPU
		{0FEFC976-42E2-42B4-AFE3-590F6C5B1569}.Release|Any CPU.Build.0 = Release|Any CPU
		{4BA10001-EDF5-4519-9482-49E09EAE1C8A}.Debug|Any CPU.ActiveCfg = Debug|Any CPU
		{4BA10001-EDF5-4519-9482-49E09EAE1C8A}.Debug|Any CPU.Build.0 = Debug|Any CPU
		{4BA10001-EDF5-4519-9482-49E09EAE1C8A}.Release|Any CPU.ActiveCfg = Release|Any CPU
		{4BA10001-EDF5-4519-9482-49E09EAE1C8A}.Release|Any CPU.Build.0 = Release|Any CPU
		{CBF30F8E-CE88-4B9E-9E5F-52793903D2A0}.Debug|Any CPU.ActiveCfg = Debug|Any CPU
		{CBF30F8E-CE88-4B9E-9E5F-52793903D2A0}.Debug|Any CPU.Build.0 = Debug|Any CPU
		{CBF30F8E-CE88-4B9E-9E5F-52793903D2A0}.Release|Any CPU.ActiveCfg = Release|Any CPU
		{CBF30F8E-CE88-4B9E-9E5F-52793903D2A0}.Release|Any CPU.Build.0 = Release|Any CPU
		{1AFF47BB-DF7B-40DA-B2F8-DD3C5648FE7A}.Debug|Any CPU.ActiveCfg = Debug|Any CPU
		{1AFF47BB-DF7B-40DA-B2F8-DD3C5648FE7A}.Debug|Any CPU.Build.0 = Debug|Any CPU
		{1AFF47BB-DF7B-40DA-B2F8-DD3C5648FE7A}.Release|Any CPU.ActiveCfg = Release|Any CPU
		{1AFF47BB-DF7B-40DA-B2F8-DD3C5648FE7A}.Release|Any CPU.Build.0 = Release|Any CPU
		{852508D1-5252-42A8-BA57-632F19EAA3D5}.Debug|Any CPU.ActiveCfg = Debug|Any CPU
		{852508D1-5252-42A8-BA57-632F19EAA3D5}.Debug|Any CPU.Build.0 = Debug|Any CPU
		{852508D1-5252-42A8-BA57-632F19EAA3D5}.Release|Any CPU.ActiveCfg = Release|Any CPU
		{852508D1-5252-42A8-BA57-632F19EAA3D5}.Release|Any CPU.Build.0 = Release|Any CPU
		{CF9C2803-53A8-4E57-A4A7-7495238CE29E}.Debug|Any CPU.ActiveCfg = Debug|Any CPU
		{CF9C2803-53A8-4E57-A4A7-7495238CE29E}.Debug|Any CPU.Build.0 = Debug|Any CPU
		{CF9C2803-53A8-4E57-A4A7-7495238CE29E}.Release|Any CPU.ActiveCfg = Release|Any CPU
		{CF9C2803-53A8-4E57-A4A7-7495238CE29E}.Release|Any CPU.Build.0 = Release|Any CPU
		{8170E03B-DF90-4A1C-AFEE-8A3DCE957520}.Debug|Any CPU.ActiveCfg = Debug|Any CPU
		{8170E03B-DF90-4A1C-AFEE-8A3DCE957520}.Debug|Any CPU.Build.0 = Debug|Any CPU
		{8170E03B-DF90-4A1C-AFEE-8A3DCE957520}.Release|Any CPU.ActiveCfg = Release|Any CPU
		{8170E03B-DF90-4A1C-AFEE-8A3DCE957520}.Release|Any CPU.Build.0 = Release|Any CPU
		{DED9E4A8-949D-4828-9947-802C1495819D}.Debug|Any CPU.ActiveCfg = Debug|Any CPU
		{DED9E4A8-949D-4828-9947-802C1495819D}.Debug|Any CPU.Build.0 = Debug|Any CPU
		{DED9E4A8-949D-4828-9947-802C1495819D}.Release|Any CPU.ActiveCfg = Release|Any CPU
		{DED9E4A8-949D-4828-9947-802C1495819D}.Release|Any CPU.Build.0 = Release|Any CPU
		{5AD5BF7F-E40B-40A8-BA05-389F42EEF39A}.Debug|Any CPU.ActiveCfg = Debug|Any CPU
		{5AD5BF7F-E40B-40A8-BA05-389F42EEF39A}.Debug|Any CPU.Build.0 = Debug|Any CPU
		{5AD5BF7F-E40B-40A8-BA05-389F42EEF39A}.Release|Any CPU.ActiveCfg = Release|Any CPU
		{5AD5BF7F-E40B-40A8-BA05-389F42EEF39A}.Release|Any CPU.Build.0 = Release|Any CPU
		{41A5C766-8679-4CF2-BE41-E59CD202CA7B}.Debug|Any CPU.ActiveCfg = Debug|Any CPU
		{41A5C766-8679-4CF2-BE41-E59CD202CA7B}.Debug|Any CPU.Build.0 = Debug|Any CPU
		{41A5C766-8679-4CF2-BE41-E59CD202CA7B}.Release|Any CPU.ActiveCfg = Release|Any CPU
		{41A5C766-8679-4CF2-BE41-E59CD202CA7B}.Release|Any CPU.Build.0 = Release|Any CPU
		{7E003138-B990-4630-A78B-88EBFD7C156E}.Debug|Any CPU.ActiveCfg = Debug|Any CPU
		{7E003138-B990-4630-A78B-88EBFD7C156E}.Debug|Any CPU.Build.0 = Debug|Any CPU
		{7E003138-B990-4630-A78B-88EBFD7C156E}.Release|Any CPU.ActiveCfg = Release|Any CPU
		{7E003138-B990-4630-A78B-88EBFD7C156E}.Release|Any CPU.Build.0 = Release|Any CPU
		{4CF8424D-716D-421E-B96B-26A757A0009D}.Debug|Any CPU.ActiveCfg = Debug|Any CPU
		{4CF8424D-716D-421E-B96B-26A757A0009D}.Debug|Any CPU.Build.0 = Debug|Any CPU
		{4CF8424D-716D-421E-B96B-26A757A0009D}.Release|Any CPU.ActiveCfg = Release|Any CPU
		{4CF8424D-716D-421E-B96B-26A757A0009D}.Release|Any CPU.Build.0 = Release|Any CPU
		{C69CF48C-F951-4179-95E5-7329072ABCDA}.Debug|Any CPU.ActiveCfg = Debug|Any CPU
		{C69CF48C-F951-4179-95E5-7329072ABCDA}.Debug|Any CPU.Build.0 = Debug|Any CPU
		{C69CF48C-F951-4179-95E5-7329072ABCDA}.Release|Any CPU.ActiveCfg = Release|Any CPU
		{C69CF48C-F951-4179-95E5-7329072ABCDA}.Release|Any CPU.Build.0 = Release|Any CPU
		{D1E8F14E-072C-4D91-B163-374E3F082B93}.Debug|Any CPU.ActiveCfg = Debug|Any CPU
		{D1E8F14E-072C-4D91-B163-374E3F082B93}.Debug|Any CPU.Build.0 = Debug|Any CPU
		{D1E8F14E-072C-4D91-B163-374E3F082B93}.Release|Any CPU.ActiveCfg = Release|Any CPU
		{D1E8F14E-072C-4D91-B163-374E3F082B93}.Release|Any CPU.Build.0 = Release|Any CPU
	EndGlobalSection
	GlobalSection(SolutionProperties) = preSolution
		HideSolutionNode = FALSE
	EndGlobalSection
	GlobalSection(NestedProjects) = preSolution
		{B999D3C9-2173-4B67-A09A-9FA36C3EE2C4} = {BFBFD0A4-E4ED-43C3-9857-AEE60DA24B76}
		{729C223A-E110-4212-BE61-BDFC72D9FA95} = {BFBFD0A4-E4ED-43C3-9857-AEE60DA24B76}
		{812BB8F8-6C03-4427-91D8-667D40C410EA} = {BFBFD0A4-E4ED-43C3-9857-AEE60DA24B76}
		{1E26C169-74A4-43D6-8B17-07D541DC428F} = {5AF372D5-5CE4-4606-9C84-412A93819ED6}
		{0FEFC976-42E2-42B4-AFE3-590F6C5B1569} = {5AF372D5-5CE4-4606-9C84-412A93819ED6}
		{4BA10001-EDF5-4519-9482-49E09EAE1C8A} = {5AF372D5-5CE4-4606-9C84-412A93819ED6}
		{CBF30F8E-CE88-4B9E-9E5F-52793903D2A0} = {33EFDD0C-9D3F-447F-A74B-6D8032C9A2C6}
		{1AFF47BB-DF7B-40DA-B2F8-DD3C5648FE7A} = {33EFDD0C-9D3F-447F-A74B-6D8032C9A2C6}
		{852508D1-5252-42A8-BA57-632F19EAA3D5} = {33EFDD0C-9D3F-447F-A74B-6D8032C9A2C6}
		{CF9C2803-53A8-4E57-A4A7-7495238CE29E} = {7742F03C-7317-42B8-A2EE-C188D1B9D372}
		{8170E03B-DF90-4A1C-AFEE-8A3DCE957520} = {7742F03C-7317-42B8-A2EE-C188D1B9D372}
		{DED9E4A8-949D-4828-9947-802C1495819D} = {7742F03C-7317-42B8-A2EE-C188D1B9D372}
		{5AD5BF7F-E40B-40A8-BA05-389F42EEF39A} = {C76EAB18-C3C9-4964-8B5E-1C766CB4AFCC}
		{41A5C766-8679-4CF2-BE41-E59CD202CA7B} = {C76EAB18-C3C9-4964-8B5E-1C766CB4AFCC}
		{7E003138-B990-4630-A78B-88EBFD7C156E} = {C76EAB18-C3C9-4964-8B5E-1C766CB4AFCC}
		{4CF8424D-716D-421E-B96B-26A757A0009D} = {475AFC9F-62E2-423F-A453-802DF3B53E45}
		{C69CF48C-F951-4179-95E5-7329072ABCDA} = {475AFC9F-62E2-423F-A453-802DF3B53E45}
		{D1E8F14E-072C-4D91-B163-374E3F082B93} = {475AFC9F-62E2-423F-A453-802DF3B53E45}
	EndGlobalSection
	GlobalSection(ExtensibilityGlobals) = postSolution
		SolutionGuid = {40FF3E25-972E-43C8-BB27-4A83CC275064}
	EndGlobalSection
EndGlobal
