
Microsoft Visual Studio Solution File, Format Version 12.00
# Visual Studio Version 16
VisualStudioVersion = 16.0.33927.289
MinimumVisualStudioVersion = 10.0.40219.1
Project("{2150E333-8FDC-42A3-9474-1A3956D46DE8}") = "Task0", "Task0", "{BFBFD0A4-E4ED-43C3-9857-AEE60DA24B76}"
EndProject
Project("{FAE04EC0-301F-11D3-BF4B-00C04F79EFBC}") = "Tyuiu.SafronovVV.Sprint3.Task0.V6", "Tyuiu.SafronovVV.Sprint3.Task0.V6\Tyuiu.SafronovVV.Sprint3.Task0.V6.csproj", "{B999D3C9-2173-4B67-A09A-9FA36C3EE2C4}"
EndProject
Project("{FAE04EC0-301F-11D3-BF4B-00C04F79EFBC}") = "Tyuiu.SafronovVV.Sprint3.Task0.V6.Lib", "Tyuiu.SafronovVV.Sprint3.Task0.V6.Lib\Tyuiu.SafronovVV.Sprint3.Task0.V6.Lib.csproj", "{729C223A-E110-4212-BE61-BDFC72D9FA95}"
EndProject
Project("{FAE04EC0-301F-11D3-BF4B-00C04F79EFBC}") = "Tyuiu.SafronovVV.Sprint3.Task0.V6.Test", "Tyuiu.SafronovVV.Sprint3.Task0.V6.Test\Tyuiu.SafronovVV.Sprint3.Task0.V6.Test.csproj", "{812BB8F8-6C03-4427-91D8-667D40C410EA}"
EndProject
Global
	GlobalSection(SolutionConfigurationPlatforms) = preSolution
		Debug|Any CPU = Debug|Any CPU
		Release|Any CPU = Release|Any CPU
	EndGlobalSection
	GlobalSection(ProjectConfigurationPlatforms) = postSolution
		{B999D3C9-2173-4B67-A09A-9FA36C3EE2C4}.Debug|Any CPU.ActiveCfg = Debug|Any CPU
		{B999D3C9-2173-4B67-A09A-9FA36C3EE2C4}.Debug|Any CPU.Build.0 = Debug|Any CPU
		{B999D3C9-2173-4B67-A09A-9FA36C3EE2C4}.Release|Any CPU.ActiveCfg = Release|Any CPU
		{B999D3C9-2173-4B67-A09A-9FA36C3EE2C4}.Release|Any CPU.Build.0 = Release|Any CPU
		{729C223A-E110-4212-BE61-BDFC72D9FA95}.Debug|Any CPU.ActiveCfg = Debug|Any CPU
		{729C223A-E110-4212-BE61-BDFC72D9FA95}.Debug|Any CPU.Build.0 = Debug|Any CPU
		{729C223A-E110-4212-BE61-BDFC72D9FA95}.Release|Any CPU.ActiveCfg = Release|Any CPU
		{729C223A-E110-4212-BE61-BDFC72D9FA95}.Release|Any CPU.Build.0 = Release|Any CPU
		{812BB8F8-6C03-4427-91D8-667D40C410EA}.Debug|Any CPU.ActiveCfg = Debug|Any CPU
		{812BB8F8-6C03-4427-91D8-667D40C410EA}.Debug|Any CPU.Build.0 = Debug|Any CPU
		{812BB8F8-6C03-4427-91D8-667D40C410EA}.Release|Any CPU.ActiveCfg = Release|Any CPU
		{812BB8F8-6C03-4427-91D8-667D40C410EA}.Release|Any CPU.Build.0 = Release|Any CPU
	EndGlobalSection
	GlobalSection(SolutionProperties) = preSolution
		HideSolutionNode = FALSE
	EndGlobalSection
	GlobalSection(NestedProjects) = preSolution
		{B999D3C9-2173-4B67-A09A-9FA36C3EE2C4} = {BFBFD0A4-E4ED-43C3-9857-AEE60DA24B76}
		{729C223A-E110-4212-BE61-BDFC72D9FA95} = {BFBFD0A4-E4ED-43C3-9857-AEE60DA24B76}
		{812BB8F8-6C03-4427-91D8-667D40C410EA} = {BFBFD0A4-E4ED-43C3-9857-AEE60DA24B76}
	EndGlobalSection
	GlobalSection(ExtensibilityGlobals) = postSolution
		SolutionGuid = {40FF3E25-972E-43C8-BB27-4A83CC275064}
	EndGlobalSection
EndGlobal
